
Microsoft Visual Studio Solution File, Format Version 12.00
# Visual Studio Version 16
VisualStudioVersion = 16.0.33801.447
MinimumVisualStudioVersion = 10.0.40219.1
Project("{FAE04EC0-301F-11D3-BF4B-00C04F79EFBC}") = "PR17KR", "PR17KR\PR17KR.csproj", "{2567250A-F651-43B3-8757-7FD627473494}"
EndProject
Global
	GlobalSection(SolutionConfigurationPlatforms) = preSolution
		Debug|Any CPU = Debug|Any CPU
		Release|Any CPU = Release|Any CPU
	EndGlobalSection
	GlobalSection(ProjectConfigurationPlatforms) = postSolution
		{2567250A-F651-43B3-8757-7FD627473494}.Debug|Any CPU.ActiveCfg = Debug|Any CPU
		{2567250A-F651-43B3-8757-7FD627473494}.Debug|Any CPU.Build.0 = Debug|Any CPU
		{2567250A-F651-43B3-8757-7FD627473494}.Release|Any CPU.ActiveCfg = Release|Any CPU
		{2567250A-F651-43B3-8757-7FD627473494}.Release|Any CPU.Build.0 = Release|Any CPU
	EndGlobalSection
	GlobalSection(SolutionProperties) = preSolution
		HideSolutionNode = FALSE
	EndGlobalSection
	GlobalSection(ExtensibilityGlobals) = postSolution
		SolutionGuid = {E7A3D01D-1028-4577-8F19-90DBD6281058}
	EndGlobalSection
EndGlobal
